// !$*UTF8*$!
{
	archiveVersion = 1;
	classes = {
	};
	objectVersion = 55;
	objects = {

/* Begin PBXBuildFile section */
		04194B08278938730006558B /* LPViewController.swift in Sources */ = {isa = PBXBuildFile; fileRef = 04194B07278938730006558B /* LPViewController.swift */; };
		04194B0A278941310006558B /* QuadBezier.swift in Sources */ = {isa = PBXBuildFile; fileRef = 04194B09278941310006558B /* QuadBezier.swift */; };
		04194B0C278951B40006558B /* LPView.swift in Sources */ = {isa = PBXBuildFile; fileRef = 04194B0B278951B40006558B /* LPView.swift */; };
		04194B102789570E0006558B /* 기다린만큼 더.mp3 in Resources */ = {isa = PBXBuildFile; fileRef = 04194B0F2789570E0006558B /* 기다린만큼 더.mp3 */; };
		04194B1227896F080006558B /* LP.swift in Sources */ = {isa = PBXBuildFile; fileRef = 04194B1127896F080006558B /* LP.swift */; };
		04194B1D27898D090006558B /* Love Ya.mp3 in Resources */ = {isa = PBXBuildFile; fileRef = 04194B1627898D070006558B /* Love Ya.mp3 */; };
		04194B1E27898D090006558B /* 나를 좋아하지 않는 그대에게.mp3 in Resources */ = {isa = PBXBuildFile; fileRef = 04194B1727898D070006558B /* 나를 좋아하지 않는 그대에게.mp3 */; };
		04194B1F27898D090006558B /* Changes.mp3 in Resources */ = {isa = PBXBuildFile; fileRef = 04194B1827898D080006558B /* Changes.mp3 */; };
		04194B2027898D090006558B /* 못Understand.mp3 in Resources */ = {isa = PBXBuildFile; fileRef = 04194B1927898D080006558B /* 못Understand.mp3 */; };
		04194B2127898D090006558B /* 빨간차.mp3 in Resources */ = {isa = PBXBuildFile; fileRef = 04194B1A27898D080006558B /* 빨간차.mp3 */; };
		04194B2227898D090006558B /* 바람사람.mp3 in Resources */ = {isa = PBXBuildFile; fileRef = 04194B1B27898D090006558B /* 바람사람.mp3 */; };
		041E199A274B4134000F8C11 /* AppDelegate.swift in Sources */ = {isa = PBXBuildFile; fileRef = 041E1999274B4134000F8C11 /* AppDelegate.swift */; };
		041E199C274B4134000F8C11 /* SceneDelegate.swift in Sources */ = {isa = PBXBuildFile; fileRef = 041E199B274B4134000F8C11 /* SceneDelegate.swift */; };
		041E19A1274B4134000F8C11 /* Main.storyboard in Resources */ = {isa = PBXBuildFile; fileRef = 041E199F274B4134000F8C11 /* Main.storyboard */; };
		041E19A3274B4135000F8C11 /* Assets.xcassets in Resources */ = {isa = PBXBuildFile; fileRef = 041E19A2274B4135000F8C11 /* Assets.xcassets */; };
		041E19A6274B4135000F8C11 /* LaunchScreen.storyboard in Resources */ = {isa = PBXBuildFile; fileRef = 041E19A4274B4135000F8C11 /* LaunchScreen.storyboard */; };
		041E19AF274B443F000F8C11 /* SwingEffectViewController.swift in Sources */ = {isa = PBXBuildFile; fileRef = 041E19AE274B443F000F8C11 /* SwingEffectViewController.swift */; };
		0438A467275B361300BFE7B5 /* Point.swift in Sources */ = {isa = PBXBuildFile; fileRef = 0438A466275B361300BFE7B5 /* Point.swift */; };
		0438A469275B361800BFE7B5 /* Line.swift in Sources */ = {isa = PBXBuildFile; fileRef = 0438A468275B361800BFE7B5 /* Line.swift */; };
		043CBFB8274E7D6B00A69F37 /* UIVIew + Extensions.swift in Sources */ = {isa = PBXBuildFile; fileRef = 043CBFB7274E7D6B00A69F37 /* UIVIew + Extensions.swift */; };
		046669732757965500C0BA70 /* WaveViewController.swift in Sources */ = {isa = PBXBuildFile; fileRef = 046669722757965500C0BA70 /* WaveViewController.swift */; };
		0485DC12275CC63800F029B0 /* WaveView.swift in Sources */ = {isa = PBXBuildFile; fileRef = 0485DC11275CC63800F029B0 /* WaveView.swift */; };
		0492C5BB276F3B7B0072CBBD /* SquareSpark.sks in Resources */ = {isa = PBXBuildFile; fileRef = 0492C5BA276F3B7B0072CBBD /* SquareSpark.sks */; };
		0492C5BF276F61AA0072CBBD /* SKView + Extensions.swift in Sources */ = {isa = PBXBuildFile; fileRef = 0492C5BE276F61AA0072CBBD /* SKView + Extensions.swift */; };
		0492C5C1276F75650072CBBD /* TestViewController.swift in Sources */ = {isa = PBXBuildFile; fileRef = 0492C5C0276F75650072CBBD /* TestViewController.swift */; };
		0494B47627706A180041116C /* CircleView.swift in Sources */ = {isa = PBXBuildFile; fileRef = 0494B47527706A180041116C /* CircleView.swift */; };
		04B181232774AFA100D9F7CA /* DavidLoadingViewController.swift in Sources */ = {isa = PBXBuildFile; fileRef = 04B181222774AFA100D9F7CA /* DavidLoadingViewController.swift */; };
		04B181252774BC9000D9F7CA /* UIImage + Extensions.swift in Sources */ = {isa = PBXBuildFile; fileRef = 04B181242774BC9000D9F7CA /* UIImage + Extensions.swift */; };
		04BA9A8827799989002F18D9 /* MainViewController.swift in Sources */ = {isa = PBXBuildFile; fileRef = 04BA9A8727799989002F18D9 /* MainViewController.swift */; };
		04BA9A8B27799A30002F18D9 /* MainTableViewCell.swift in Sources */ = {isa = PBXBuildFile; fileRef = 04BA9A8A27799A30002F18D9 /* MainTableViewCell.swift */; };
		04D8D956278ABBF20067C4A5 /* UIView + Extensions.swift in Sources */ = {isa = PBXBuildFile; fileRef = 04D8D955278ABBF20067C4A5 /* UIView + Extensions.swift */; };
		04D8D958278ABC270067C4A5 /* LPConstants.swift in Sources */ = {isa = PBXBuildFile; fileRef = 04D8D957278ABC270067C4A5 /* LPConstants.swift */; };
		04E7E906276E1371007B7B82 /* ThreeDCardCell.swift in Sources */ = {isa = PBXBuildFile; fileRef = 04E7E904276E1371007B7B82 /* ThreeDCardCell.swift */; };
		04E7E90A276E1541007B7B82 /* Spark.sks in Resources */ = {isa = PBXBuildFile; fileRef = 04E7E908276E1541007B7B82 /* Spark.sks */; };
		04E7E90B276E1541007B7B82 /* Assets.xcassets in Resources */ = {isa = PBXBuildFile; fileRef = 04E7E909276E1541007B7B82 /* Assets.xcassets */; };
		04E7E90D276E1652007B7B82 /* DSViewController.swift in Sources */ = {isa = PBXBuildFile; fileRef = 04E7E90C276E1652007B7B82 /* DSViewController.swift */; };
		04F376A1277C5EFC00A70B98 /* Card.swift in Sources */ = {isa = PBXBuildFile; fileRef = 04F376A0277C5EFC00A70B98 /* Card.swift */; };
		04F376A3277C6E0700A70B98 /* AViewController.swift in Sources */ = {isa = PBXBuildFile; fileRef = 04F376A2277C6E0700A70B98 /* AViewController.swift */; };
		04F376A5277C75E800A70B98 /* ThreeDCardView.swift in Sources */ = {isa = PBXBuildFile; fileRef = 04F376A4277C75E800A70B98 /* ThreeDCardView.swift */; };
		04F376A7277C761700A70B98 /* ThreeDCardDataSource.swift in Sources */ = {isa = PBXBuildFile; fileRef = 04F376A6277C761700A70B98 /* ThreeDCardDataSource.swift */; };
/* End PBXBuildFile section */

/* Begin PBXFileReference section */
		04194B07278938730006558B /* LPViewController.swift */ = {isa = PBXFileReference; lastKnownFileType = sourcecode.swift; path = LPViewController.swift; sourceTree = "<group>"; };
		04194B09278941310006558B /* QuadBezier.swift */ = {isa = PBXFileReference; lastKnownFileType = sourcecode.swift; path = QuadBezier.swift; sourceTree = "<group>"; };
		04194B0B278951B40006558B /* LPView.swift */ = {isa = PBXFileReference; lastKnownFileType = sourcecode.swift; path = LPView.swift; sourceTree = "<group>"; };
		04194B0F2789570E0006558B /* 기다린만큼 더.mp3 */ = {isa = PBXFileReference; lastKnownFileType = audio.mp3; path = "기다린만큼 더.mp3"; sourceTree = "<group>"; };
		04194B1127896F080006558B /* LP.swift */ = {isa = PBXFileReference; lastKnownFileType = sourcecode.swift; path = LP.swift; sourceTree = "<group>"; };
		04194B1627898D070006558B /* Love Ya.mp3 */ = {isa = PBXFileReference; lastKnownFileType = audio.mp3; path = "Love Ya.mp3"; sourceTree = "<group>"; };
		04194B1727898D070006558B /* 나를 좋아하지 않는 그대에게.mp3 */ = {isa = PBXFileReference; lastKnownFileType = audio.mp3; path = "나를 좋아하지 않는 그대에게.mp3"; sourceTree = "<group>"; };
		04194B1827898D080006558B /* Changes.mp3 */ = {isa = PBXFileReference; lastKnownFileType = audio.mp3; path = Changes.mp3; sourceTree = "<group>"; };
		04194B1927898D080006558B /* 못Understand.mp3 */ = {isa = PBXFileReference; lastKnownFileType = audio.mp3; path = "못Understand.mp3"; sourceTree = "<group>"; };
		04194B1A27898D080006558B /* 빨간차.mp3 */ = {isa = PBXFileReference; lastKnownFileType = audio.mp3; path = "빨간차.mp3"; sourceTree = "<group>"; };
		04194B1B27898D090006558B /* 바람사람.mp3 */ = {isa = PBXFileReference; lastKnownFileType = audio.mp3; path = "바람사람.mp3"; sourceTree = "<group>"; };
		041E1996274B4134000F8C11 /* Creative Coding Practice.app */ = {isa = PBXFileReference; explicitFileType = wrapper.application; includeInIndex = 0; path = "Creative Coding Practice.app"; sourceTree = BUILT_PRODUCTS_DIR; };
		041E1999274B4134000F8C11 /* AppDelegate.swift */ = {isa = PBXFileReference; lastKnownFileType = sourcecode.swift; path = AppDelegate.swift; sourceTree = "<group>"; };
		041E199B274B4134000F8C11 /* SceneDelegate.swift */ = {isa = PBXFileReference; lastKnownFileType = sourcecode.swift; path = SceneDelegate.swift; sourceTree = "<group>"; };
		041E19A0274B4134000F8C11 /* Base */ = {isa = PBXFileReference; lastKnownFileType = file.storyboard; name = Base; path = Base.lproj/Main.storyboard; sourceTree = "<group>"; };
		041E19A2274B4135000F8C11 /* Assets.xcassets */ = {isa = PBXFileReference; lastKnownFileType = folder.assetcatalog; path = Assets.xcassets; sourceTree = "<group>"; };
		041E19A5274B4135000F8C11 /* Base */ = {isa = PBXFileReference; lastKnownFileType = file.storyboard; name = Base; path = Base.lproj/LaunchScreen.storyboard; sourceTree = "<group>"; };
		041E19A7274B4135000F8C11 /* Info.plist */ = {isa = PBXFileReference; lastKnownFileType = text.plist.xml; path = Info.plist; sourceTree = "<group>"; };
		041E19AE274B443F000F8C11 /* SwingEffectViewController.swift */ = {isa = PBXFileReference; lastKnownFileType = sourcecode.swift; path = SwingEffectViewController.swift; sourceTree = "<group>"; };
		0438A466275B361300BFE7B5 /* Point.swift */ = {isa = PBXFileReference; lastKnownFileType = sourcecode.swift; path = Point.swift; sourceTree = "<group>"; };
		0438A468275B361800BFE7B5 /* Line.swift */ = {isa = PBXFileReference; lastKnownFileType = sourcecode.swift; path = Line.swift; sourceTree = "<group>"; };
		043CBFB7274E7D6B00A69F37 /* UIVIew + Extensions.swift */ = {isa = PBXFileReference; lastKnownFileType = sourcecode.swift; path = "UIVIew + Extensions.swift"; sourceTree = "<group>"; };
		046669722757965500C0BA70 /* WaveViewController.swift */ = {isa = PBXFileReference; lastKnownFileType = sourcecode.swift; path = WaveViewController.swift; sourceTree = "<group>"; };
		0485DC11275CC63800F029B0 /* WaveView.swift */ = {isa = PBXFileReference; lastKnownFileType = sourcecode.swift; path = WaveView.swift; sourceTree = "<group>"; };
		0492C5BA276F3B7B0072CBBD /* SquareSpark.sks */ = {isa = PBXFileReference; lastKnownFileType = file.sks; path = SquareSpark.sks; sourceTree = "<group>"; };
		0492C5BE276F61AA0072CBBD /* SKView + Extensions.swift */ = {isa = PBXFileReference; lastKnownFileType = sourcecode.swift; path = "SKView + Extensions.swift"; sourceTree = "<group>"; };
		0492C5C0276F75650072CBBD /* TestViewController.swift */ = {isa = PBXFileReference; lastKnownFileType = sourcecode.swift; path = TestViewController.swift; sourceTree = "<group>"; };
		0494B47527706A180041116C /* CircleView.swift */ = {isa = PBXFileReference; lastKnownFileType = sourcecode.swift; path = CircleView.swift; sourceTree = "<group>"; };
		04B181222774AFA100D9F7CA /* DavidLoadingViewController.swift */ = {isa = PBXFileReference; lastKnownFileType = sourcecode.swift; path = DavidLoadingViewController.swift; sourceTree = "<group>"; };
		04B181242774BC9000D9F7CA /* UIImage + Extensions.swift */ = {isa = PBXFileReference; lastKnownFileType = sourcecode.swift; path = "UIImage + Extensions.swift"; sourceTree = "<group>"; };
		04BA9A8727799989002F18D9 /* MainViewController.swift */ = {isa = PBXFileReference; lastKnownFileType = sourcecode.swift; path = MainViewController.swift; sourceTree = "<group>"; };
		04BA9A8A27799A30002F18D9 /* MainTableViewCell.swift */ = {isa = PBXFileReference; lastKnownFileType = sourcecode.swift; path = MainTableViewCell.swift; sourceTree = "<group>"; };
		04D8D955278ABBF20067C4A5 /* UIView + Extensions.swift */ = {isa = PBXFileReference; lastKnownFileType = sourcecode.swift; path = "UIView + Extensions.swift"; sourceTree = "<group>"; };
		04D8D957278ABC270067C4A5 /* LPConstants.swift */ = {isa = PBXFileReference; lastKnownFileType = sourcecode.swift; path = LPConstants.swift; sourceTree = "<group>"; };
		04E7E904276E1371007B7B82 /* ThreeDCardCell.swift */ = {isa = PBXFileReference; fileEncoding = 4; lastKnownFileType = sourcecode.swift; path = ThreeDCardCell.swift; sourceTree = "<group>"; };
		04E7E908276E1541007B7B82 /* Spark.sks */ = {isa = PBXFileReference; lastKnownFileType = file.sks; path = Spark.sks; sourceTree = "<group>"; };
		04E7E909276E1541007B7B82 /* Assets.xcassets */ = {isa = PBXFileReference; lastKnownFileType = folder.assetcatalog; path = Assets.xcassets; sourceTree = "<group>"; };
		04E7E90C276E1652007B7B82 /* DSViewController.swift */ = {isa = PBXFileReference; lastKnownFileType = sourcecode.swift; path = DSViewController.swift; sourceTree = "<group>"; };
		04F376A0277C5EFC00A70B98 /* Card.swift */ = {isa = PBXFileReference; lastKnownFileType = sourcecode.swift; path = Card.swift; sourceTree = "<group>"; };
		04F376A2277C6E0700A70B98 /* AViewController.swift */ = {isa = PBXFileReference; lastKnownFileType = sourcecode.swift; path = AViewController.swift; sourceTree = "<group>"; };
		04F376A4277C75E800A70B98 /* ThreeDCardView.swift */ = {isa = PBXFileReference; lastKnownFileType = sourcecode.swift; path = ThreeDCardView.swift; sourceTree = "<group>"; };
		04F376A6277C761700A70B98 /* ThreeDCardDataSource.swift */ = {isa = PBXFileReference; lastKnownFileType = sourcecode.swift; path = ThreeDCardDataSource.swift; sourceTree = "<group>"; };
/* End PBXFileReference section */

/* Begin PBXFrameworksBuildPhase section */
		041E1993274B4134000F8C11 /* Frameworks */ = {
			isa = PBXFrameworksBuildPhase;
			buildActionMask = 2147483647;
			files = (
			);
			runOnlyForDeploymentPostprocessing = 0;
		};
/* End PBXFrameworksBuildPhase section */

/* Begin PBXGroup section */
		04194B062789385C0006558B /* LP */ = {
			isa = PBXGroup;
			children = (
				04194B1327898CB20006558B /* musics */,
				04194B0B278951B40006558B /* LPView.swift */,
				04194B07278938730006558B /* LPViewController.swift */,
				04194B09278941310006558B /* QuadBezier.swift */,
				04194B1127896F080006558B /* LP.swift */,
				04D8D957278ABC270067C4A5 /* LPConstants.swift */,
			);
			path = LP;
			sourceTree = "<group>";
		};
		04194B1327898CB20006558B /* musics */ = {
			isa = PBXGroup;
			children = (
				04194B1A27898D080006558B /* 빨간차.mp3 */,
				04194B1727898D070006558B /* 나를 좋아하지 않는 그대에게.mp3 */,
				04194B1927898D080006558B /* 못Understand.mp3 */,
				04194B1B27898D090006558B /* 바람사람.mp3 */,
				04194B1627898D070006558B /* Love Ya.mp3 */,
				04194B1827898D080006558B /* Changes.mp3 */,
				04194B0F2789570E0006558B /* 기다린만큼 더.mp3 */,
			);
			path = musics;
			sourceTree = "<group>";
		};
		041E198D274B4134000F8C11 = {
			isa = PBXGroup;
			children = (
				041E1998274B4134000F8C11 /* Creative Coding Practice */,
				041E1997274B4134000F8C11 /* Products */,
			);
			sourceTree = "<group>";
		};
		041E1997274B4134000F8C11 /* Products */ = {
			isa = PBXGroup;
			children = (
				041E1996274B4134000F8C11 /* Creative Coding Practice.app */,
			);
			name = Products;
			sourceTree = "<group>";
		};
		041E1998274B4134000F8C11 /* Creative Coding Practice */ = {
			isa = PBXGroup;
			children = (
				04194B062789385C0006558B /* LP */,
				04B181212774AF8700D9F7CA /* DavidLoading */,
				04E7E907276E137A007B7B82 /* DoctorStrange */,
				04E7E902276E1371007B7B82 /* 3DCard */,
				046669712757964B00C0BA70 /* Wave */,
				041E19AD274B4408000F8C11 /* Swing Square */,
				04BA9A8927799A04002F18D9 /* Main */,
				04D8D954278ABBDE0067C4A5 /* Extensions */,
				041E1999274B4134000F8C11 /* AppDelegate.swift */,
				041E199B274B4134000F8C11 /* SceneDelegate.swift */,
				041E199F274B4134000F8C11 /* Main.storyboard */,
				041E19A2274B4135000F8C11 /* Assets.xcassets */,
				041E19A4274B4135000F8C11 /* LaunchScreen.storyboard */,
				041E19A7274B4135000F8C11 /* Info.plist */,
			);
			path = "Creative Coding Practice";
			sourceTree = "<group>";
		};
		041E19AD274B4408000F8C11 /* Swing Square */ = {
			isa = PBXGroup;
			children = (
				041E19AE274B443F000F8C11 /* SwingEffectViewController.swift */,
				043CBFB7274E7D6B00A69F37 /* UIVIew + Extensions.swift */,
			);
			path = "Swing Square";
			sourceTree = "<group>";
		};
		0438A465275B360100BFE7B5 /* Model */ = {
			isa = PBXGroup;
			children = (
				0438A466275B361300BFE7B5 /* Point.swift */,
				0438A468275B361800BFE7B5 /* Line.swift */,
			);
			path = Model;
			sourceTree = "<group>";
		};
		046669712757964B00C0BA70 /* Wave */ = {
			isa = PBXGroup;
			children = (
				0485DC16275CE27200F029B0 /* Controller */,
				0485DC15275CE26C00F029B0 /* View */,
				0438A465275B360100BFE7B5 /* Model */,
			);
			path = Wave;
			sourceTree = "<group>";
		};
		0485DC15275CE26C00F029B0 /* View */ = {
			isa = PBXGroup;
			children = (
				0485DC11275CC63800F029B0 /* WaveView.swift */,
			);
			path = View;
			sourceTree = "<group>";
		};
		0485DC16275CE27200F029B0 /* Controller */ = {
			isa = PBXGroup;
			children = (
				046669722757965500C0BA70 /* WaveViewController.swift */,
			);
			path = Controller;
			sourceTree = "<group>";
		};
		0492C5BC276F616E0072CBBD /* sks */ = {
			isa = PBXGroup;
			children = (
				04E7E908276E1541007B7B82 /* Spark.sks */,
				04E7E909276E1541007B7B82 /* Assets.xcassets */,
				0492C5BA276F3B7B0072CBBD /* SquareSpark.sks */,
			);
			path = sks;
			sourceTree = "<group>";
		};
		0492C5BD276F61840072CBBD /* Controller */ = {
			isa = PBXGroup;
			children = (
				04E7E90C276E1652007B7B82 /* DSViewController.swift */,
				0492C5C0276F75650072CBBD /* TestViewController.swift */,
			);
			path = Controller;
			sourceTree = "<group>";
		};
		0494B47427706A000041116C /* View */ = {
			isa = PBXGroup;
			children = (
				0494B47527706A180041116C /* CircleView.swift */,
			);
			path = View;
			sourceTree = "<group>";
		};
		04B181212774AF8700D9F7CA /* DavidLoading */ = {
			isa = PBXGroup;
			children = (
				04B181222774AFA100D9F7CA /* DavidLoadingViewController.swift */,
			);
			path = DavidLoading;
			sourceTree = "<group>";
		};
		04BA9A8927799A04002F18D9 /* Main */ = {
			isa = PBXGroup;
			children = (
				04BA9A8727799989002F18D9 /* MainViewController.swift */,
				04BA9A8A27799A30002F18D9 /* MainTableViewCell.swift */,
			);
			path = Main;
			sourceTree = "<group>";
		};
		04D8D954278ABBDE0067C4A5 /* Extensions */ = {
			isa = PBXGroup;
			children = (
				04D8D955278ABBF20067C4A5 /* UIView + Extensions.swift */,
			);
			path = Extensions;
			sourceTree = "<group>";
		};
		04E7E902276E1371007B7B82 /* 3DCard */ = {
			isa = PBXGroup;
			children = (
				04F376AD277CB05900A70B98 /* Controller */,
				04F376AB277CB04600A70B98 /* View */,
				04F376AA277CB03700A70B98 /* Model */,
				04F376AE277CB06300A70B98 /* Utils */,
				04F376AC277CB05200A70B98 /* Protocol */,
			);
			path = 3DCard;
			sourceTree = "<group>";
		};
		04E7E907276E137A007B7B82 /* DoctorStrange */ = {
			isa = PBXGroup;
			children = (
				0494B47427706A000041116C /* View */,
				0492C5BD276F61840072CBBD /* Controller */,
				0492C5BC276F616E0072CBBD /* sks */,
				0492C5BE276F61AA0072CBBD /* SKView + Extensions.swift */,
			);
			path = DoctorStrange;
			sourceTree = "<group>";
		};
		04F376AA277CB03700A70B98 /* Model */ = {
			isa = PBXGroup;
			children = (
				04F376A0277C5EFC00A70B98 /* Card.swift */,
			);
			path = Model;
			sourceTree = "<group>";
		};
		04F376AB277CB04600A70B98 /* View */ = {
			isa = PBXGroup;
			children = (
				04F376A4277C75E800A70B98 /* ThreeDCardView.swift */,
				04E7E904276E1371007B7B82 /* ThreeDCardCell.swift */,
			);
			path = View;
			sourceTree = "<group>";
		};
		04F376AC277CB05200A70B98 /* Protocol */ = {
			isa = PBXGroup;
			children = (
				04F376A6277C761700A70B98 /* ThreeDCardDataSource.swift */,
			);
			path = Protocol;
			sourceTree = "<group>";
		};
		04F376AD277CB05900A70B98 /* Controller */ = {
			isa = PBXGroup;
			children = (
				04F376A2277C6E0700A70B98 /* AViewController.swift */,
			);
			path = Controller;
			sourceTree = "<group>";
		};
		04F376AE277CB06300A70B98 /* Utils */ = {
			isa = PBXGroup;
			children = (
				04B181242774BC9000D9F7CA /* UIImage + Extensions.swift */,
			);
			path = Utils;
			sourceTree = "<group>";
		};
/* End PBXGroup section */

/* Begin PBXNativeTarget section */
		041E1995274B4134000F8C11 /* Creative Coding Practice */ = {
			isa = PBXNativeTarget;
			buildConfigurationList = 041E19AA274B4135000F8C11 /* Build configuration list for PBXNativeTarget "Creative Coding Practice" */;
			buildPhases = (
				041E1992274B4134000F8C11 /* Sources */,
				041E1993274B4134000F8C11 /* Frameworks */,
				041E1994274B4134000F8C11 /* Resources */,
			);
			buildRules = (
			);
			dependencies = (
			);
			name = "Creative Coding Practice";
			productName = "Creative Coding Practice";
			productReference = 041E1996274B4134000F8C11 /* Creative Coding Practice.app */;
			productType = "com.apple.product-type.application";
		};
/* End PBXNativeTarget section */

/* Begin PBXProject section */
		041E198E274B4134000F8C11 /* Project object */ = {
			isa = PBXProject;
			attributes = {
				BuildIndependentTargetsInParallel = 1;
				LastSwiftUpdateCheck = 1310;
				LastUpgradeCheck = 1310;
				TargetAttributes = {
					041E1995274B4134000F8C11 = {
						CreatedOnToolsVersion = 13.1;
					};
				};
			};
			buildConfigurationList = 041E1991274B4134000F8C11 /* Build configuration list for PBXProject "Creative Coding Practice" */;
			compatibilityVersion = "Xcode 13.0";
			developmentRegion = en;
			hasScannedForEncodings = 0;
			knownRegions = (
				en,
				Base,
			);
			mainGroup = 041E198D274B4134000F8C11;
			productRefGroup = 041E1997274B4134000F8C11 /* Products */;
			projectDirPath = "";
			projectRoot = "";
			targets = (
				041E1995274B4134000F8C11 /* Creative Coding Practice */,
			);
		};
/* End PBXProject section */

/* Begin PBXResourcesBuildPhase section */
		041E1994274B4134000F8C11 /* Resources */ = {
			isa = PBXResourcesBuildPhase;
			buildActionMask = 2147483647;
			files = (
				041E19A6274B4135000F8C11 /* LaunchScreen.storyboard in Resources */,
				04194B1E27898D090006558B /* 나를 좋아하지 않는 그대에게.mp3 in Resources */,
				04194B2227898D090006558B /* 바람사람.mp3 in Resources */,
				04E7E90A276E1541007B7B82 /* Spark.sks in Resources */,
				0492C5BB276F3B7B0072CBBD /* SquareSpark.sks in Resources */,
				04194B2127898D090006558B /* 빨간차.mp3 in Resources */,
				04194B102789570E0006558B /* 기다린만큼 더.mp3 in Resources */,
				04194B1D27898D090006558B /* Love Ya.mp3 in Resources */,
				041E19A3274B4135000F8C11 /* Assets.xcassets in Resources */,
				04194B1F27898D090006558B /* Changes.mp3 in Resources */,
				041E19A1274B4134000F8C11 /* Main.storyboard in Resources */,
				04194B2027898D090006558B /* 못Understand.mp3 in Resources */,
				04E7E90B276E1541007B7B82 /* Assets.xcassets in Resources */,
			);
			runOnlyForDeploymentPostprocessing = 0;
		};
/* End PBXResourcesBuildPhase section */

/* Begin PBXSourcesBuildPhase section */
		041E1992274B4134000F8C11 /* Sources */ = {
			isa = PBXSourcesBuildPhase;
			buildActionMask = 2147483647;
			files = (
				04B181232774AFA100D9F7CA /* DavidLoadingViewController.swift in Sources */,
				04B181252774BC9000D9F7CA /* UIImage + Extensions.swift in Sources */,
				04F376A1277C5EFC00A70B98 /* Card.swift in Sources */,
				04194B1227896F080006558B /* LP.swift in Sources */,
				041E199A274B4134000F8C11 /* AppDelegate.swift in Sources */,
				04F376A3277C6E0700A70B98 /* AViewController.swift in Sources */,
				043CBFB8274E7D6B00A69F37 /* UIVIew + Extensions.swift in Sources */,
				04194B0C278951B40006558B /* LPView.swift in Sources */,
				04D8D956278ABBF20067C4A5 /* UIView + Extensions.swift in Sources */,
				04E7E906276E1371007B7B82 /* ThreeDCardCell.swift in Sources */,
				04F376A7277C761700A70B98 /* ThreeDCardDataSource.swift in Sources */,
				04194B0A278941310006558B /* QuadBezier.swift in Sources */,
				04194B08278938730006558B /* LPViewController.swift in Sources */,
				0492C5BF276F61AA0072CBBD /* SKView + Extensions.swift in Sources */,
				0492C5C1276F75650072CBBD /* TestViewController.swift in Sources */,
				0438A467275B361300BFE7B5 /* Point.swift in Sources */,
				04BA9A8827799989002F18D9 /* MainViewController.swift in Sources */,
				04BA9A8B27799A30002F18D9 /* MainTableViewCell.swift in Sources */,
				041E19AF274B443F000F8C11 /* SwingEffectViewController.swift in Sources */,
				04E7E90D276E1652007B7B82 /* DSViewController.swift in Sources */,
				046669732757965500C0BA70 /* WaveViewController.swift in Sources */,
				0438A469275B361800BFE7B5 /* Line.swift in Sources */,
				041E199C274B4134000F8C11 /* SceneDelegate.swift in Sources */,
				0494B47627706A180041116C /* CircleView.swift in Sources */,
				04F376A5277C75E800A70B98 /* ThreeDCardView.swift in Sources */,
				0485DC12275CC63800F029B0 /* WaveView.swift in Sources */,
				04D8D958278ABC270067C4A5 /* LPConstants.swift in Sources */,
			);
			runOnlyForDeploymentPostprocessing = 0;
		};
/* End PBXSourcesBuildPhase section */

/* Begin PBXVariantGroup section */
		041E199F274B4134000F8C11 /* Main.storyboard */ = {
			isa = PBXVariantGroup;
			children = (
				041E19A0274B4134000F8C11 /* Base */,
			);
			name = Main.storyboard;
			sourceTree = "<group>";
		};
		041E19A4274B4135000F8C11 /* LaunchScreen.storyboard */ = {
			isa = PBXVariantGroup;
			children = (
				041E19A5274B4135000F8C11 /* Base */,
			);
			name = LaunchScreen.storyboard;
			sourceTree = "<group>";
		};
/* End PBXVariantGroup section */

/* Begin XCBuildConfiguration section */
		041E19A8274B4135000F8C11 /* Debug */ = {
			isa = XCBuildConfiguration;
			buildSettings = {
				ALWAYS_SEARCH_USER_PATHS = NO;
				CLANG_ANALYZER_NONNULL = YES;
				CLANG_ANALYZER_NUMBER_OBJECT_CONVERSION = YES_AGGRESSIVE;
				CLANG_CXX_LANGUAGE_STANDARD = "gnu++17";
				CLANG_CXX_LIBRARY = "libc++";
				CLANG_ENABLE_MODULES = YES;
				CLANG_ENABLE_OBJC_ARC = YES;
				CLANG_ENABLE_OBJC_WEAK = YES;
				CLANG_WARN_BLOCK_CAPTURE_AUTORELEASING = YES;
				CLANG_WARN_BOOL_CONVERSION = YES;
				CLANG_WARN_COMMA = YES;
				CLANG_WARN_CONSTANT_CONVERSION = YES;
				CLANG_WARN_DEPRECATED_OBJC_IMPLEMENTATIONS = YES;
				CLANG_WARN_DIRECT_OBJC_ISA_USAGE = YES_ERROR;
				CLANG_WARN_DOCUMENTATION_COMMENTS = YES;
				CLANG_WARN_EMPTY_BODY = YES;
				CLANG_WARN_ENUM_CONVERSION = YES;
				CLANG_WARN_INFINITE_RECURSION = YES;
				CLANG_WARN_INT_CONVERSION = YES;
				CLANG_WARN_NON_LITERAL_NULL_CONVERSION = YES;
				CLANG_WARN_OBJC_IMPLICIT_RETAIN_SELF = YES;
				CLANG_WARN_OBJC_LITERAL_CONVERSION = YES;
				CLANG_WARN_OBJC_ROOT_CLASS = YES_ERROR;
				CLANG_WARN_QUOTED_INCLUDE_IN_FRAMEWORK_HEADER = YES;
				CLANG_WARN_RANGE_LOOP_ANALYSIS = YES;
				CLANG_WARN_STRICT_PROTOTYPES = YES;
				CLANG_WARN_SUSPICIOUS_MOVE = YES;
				CLANG_WARN_UNGUARDED_AVAILABILITY = YES_AGGRESSIVE;
				CLANG_WARN_UNREACHABLE_CODE = YES;
				CLANG_WARN__DUPLICATE_METHOD_MATCH = YES;
				COPY_PHASE_STRIP = NO;
				DEBUG_INFORMATION_FORMAT = dwarf;
				ENABLE_STRICT_OBJC_MSGSEND = YES;
				ENABLE_TESTABILITY = YES;
				GCC_C_LANGUAGE_STANDARD = gnu11;
				GCC_DYNAMIC_NO_PIC = NO;
				GCC_NO_COMMON_BLOCKS = YES;
				GCC_OPTIMIZATION_LEVEL = 0;
				GCC_PREPROCESSOR_DEFINITIONS = (
					"DEBUG=1",
					"$(inherited)",
				);
				GCC_WARN_64_TO_32_BIT_CONVERSION = YES;
				GCC_WARN_ABOUT_RETURN_TYPE = YES_ERROR;
				GCC_WARN_UNDECLARED_SELECTOR = YES;
				GCC_WARN_UNINITIALIZED_AUTOS = YES_AGGRESSIVE;
				GCC_WARN_UNUSED_FUNCTION = YES;
				GCC_WARN_UNUSED_VARIABLE = YES;
				IPHONEOS_DEPLOYMENT_TARGET = 15.0;
				MTL_ENABLE_DEBUG_INFO = INCLUDE_SOURCE;
				MTL_FAST_MATH = YES;
				ONLY_ACTIVE_ARCH = YES;
				SDKROOT = iphoneos;
				SWIFT_ACTIVE_COMPILATION_CONDITIONS = DEBUG;
				SWIFT_OPTIMIZATION_LEVEL = "-Onone";
			};
			name = Debug;
		};
		041E19A9274B4135000F8C11 /* Release */ = {
			isa = XCBuildConfiguration;
			buildSettings = {
				ALWAYS_SEARCH_USER_PATHS = NO;
				CLANG_ANALYZER_NONNULL = YES;
				CLANG_ANALYZER_NUMBER_OBJECT_CONVERSION = YES_AGGRESSIVE;
				CLANG_CXX_LANGUAGE_STANDARD = "gnu++17";
				CLANG_CXX_LIBRARY = "libc++";
				CLANG_ENABLE_MODULES = YES;
				CLANG_ENABLE_OBJC_ARC = YES;
				CLANG_ENABLE_OBJC_WEAK = YES;
				CLANG_WARN_BLOCK_CAPTURE_AUTORELEASING = YES;
				CLANG_WARN_BOOL_CONVERSION = YES;
				CLANG_WARN_COMMA = YES;
				CLANG_WARN_CONSTANT_CONVERSION = YES;
				CLANG_WARN_DEPRECATED_OBJC_IMPLEMENTATIONS = YES;
				CLANG_WARN_DIRECT_OBJC_ISA_USAGE = YES_ERROR;
				CLANG_WARN_DOCUMENTATION_COMMENTS = YES;
				CLANG_WARN_EMPTY_BODY = YES;
				CLANG_WARN_ENUM_CONVERSION = YES;
				CLANG_WARN_INFINITE_RECURSION = YES;
				CLANG_WARN_INT_CONVERSION = YES;
				CLANG_WARN_NON_LITERAL_NULL_CONVERSION = YES;
				CLANG_WARN_OBJC_IMPLICIT_RETAIN_SELF = YES;
				CLANG_WARN_OBJC_LITERAL_CONVERSION = YES;
				CLANG_WARN_OBJC_ROOT_CLASS = YES_ERROR;
				CLANG_WARN_QUOTED_INCLUDE_IN_FRAMEWORK_HEADER = YES;
				CLANG_WARN_RANGE_LOOP_ANALYSIS = YES;
				CLANG_WARN_STRICT_PROTOTYPES = YES;
				CLANG_WARN_SUSPICIOUS_MOVE = YES;
				CLANG_WARN_UNGUARDED_AVAILABILITY = YES_AGGRESSIVE;
				CLANG_WARN_UNREACHABLE_CODE = YES;
				CLANG_WARN__DUPLICATE_METHOD_MATCH = YES;
				COPY_PHASE_STRIP = NO;
				DEBUG_INFORMATION_FORMAT = "dwarf-with-dsym";
				ENABLE_NS_ASSERTIONS = NO;
				ENABLE_STRICT_OBJC_MSGSEND = YES;
				GCC_C_LANGUAGE_STANDARD = gnu11;
				GCC_NO_COMMON_BLOCKS = YES;
				GCC_WARN_64_TO_32_BIT_CONVERSION = YES;
				GCC_WARN_ABOUT_RETURN_TYPE = YES_ERROR;
				GCC_WARN_UNDECLARED_SELECTOR = YES;
				GCC_WARN_UNINITIALIZED_AUTOS = YES_AGGRESSIVE;
				GCC_WARN_UNUSED_FUNCTION = YES;
				GCC_WARN_UNUSED_VARIABLE = YES;
				IPHONEOS_DEPLOYMENT_TARGET = 15.0;
				MTL_ENABLE_DEBUG_INFO = NO;
				MTL_FAST_MATH = YES;
				SDKROOT = iphoneos;
				SWIFT_COMPILATION_MODE = wholemodule;
				SWIFT_OPTIMIZATION_LEVEL = "-O";
				VALIDATE_PRODUCT = YES;
			};
			name = Release;
		};
		041E19AB274B4135000F8C11 /* Debug */ = {
			isa = XCBuildConfiguration;
			buildSettings = {
				ASSETCATALOG_COMPILER_APPICON_NAME = AppIcon;
				ASSETCATALOG_COMPILER_GLOBAL_ACCENT_COLOR_NAME = AccentColor;
				CODE_SIGN_STYLE = Automatic;
				CURRENT_PROJECT_VERSION = 1;
				DEVELOPMENT_TEAM = 2F54VR68GM;
				GENERATE_INFOPLIST_FILE = YES;
				INFOPLIST_FILE = "Creative Coding Practice/Info.plist";
				INFOPLIST_KEY_UIApplicationSupportsIndirectInputEvents = YES;
				INFOPLIST_KEY_UILaunchStoryboardName = LaunchScreen;
				INFOPLIST_KEY_UIMainStoryboardFile = Main;
				INFOPLIST_KEY_UISupportedInterfaceOrientations = UIInterfaceOrientationPortrait;
				INFOPLIST_KEY_UISupportedInterfaceOrientations_iPad = "UIInterfaceOrientationPortrait UIInterfaceOrientationPortraitUpsideDown UIInterfaceOrientationLandscapeLeft UIInterfaceOrientationLandscapeRight";
				INFOPLIST_KEY_UISupportedInterfaceOrientations_iPhone = "UIInterfaceOrientationPortrait UIInterfaceOrientationLandscapeLeft UIInterfaceOrientationLandscapeRight";
				LD_RUNPATH_SEARCH_PATHS = (
					"$(inherited)",
					"@executable_path/Frameworks",
				);
				MARKETING_VERSION = 1.0;
				PRODUCT_BUNDLE_IDENTIFIER = "com.fomagran.Creative-Coding-Practice";
				PRODUCT_NAME = "$(TARGET_NAME)";
				SWIFT_EMIT_LOC_STRINGS = YES;
				SWIFT_VERSION = 5.0;
				TARGETED_DEVICE_FAMILY = "1,2";
			};
			name = Debug;
		};
		041E19AC274B4135000F8C11 /* Release */ = {
			isa = XCBuildConfiguration;
			buildSettings = {
				ASSETCATALOG_COMPILER_APPICON_NAME = AppIcon;
				ASSETCATALOG_COMPILER_GLOBAL_ACCENT_COLOR_NAME = AccentColor;
				CODE_SIGN_STYLE = Automatic;
				CURRENT_PROJECT_VERSION = 1;
				DEVELOPMENT_TEAM = 2F54VR68GM;
				GENERATE_INFOPLIST_FILE = YES;
				INFOPLIST_FILE = "Creative Coding Practice/Info.plist";
				INFOPLIST_KEY_UIApplicationSupportsIndirectInputEvents = YES;
				INFOPLIST_KEY_UILaunchStoryboardName = LaunchScreen;
				INFOPLIST_KEY_UIMainStoryboardFile = Main;
				INFOPLIST_KEY_UISupportedInterfaceOrientations = UIInterfaceOrientationPortrait;
				INFOPLIST_KEY_UISupportedInterfaceOrientations_iPad = "UIInterfaceOrientationPortrait UIInterfaceOrientationPortraitUpsideDown UIInterfaceOrientationLandscapeLeft UIInterfaceOrientationLandscapeRight";
				INFOPLIST_KEY_UISupportedInterfaceOrientations_iPhone = "UIInterfaceOrientationPortrait UIInterfaceOrientationLandscapeLeft UIInterfaceOrientationLandscapeRight";
				LD_RUNPATH_SEARCH_PATHS = (
					"$(inherited)",
					"@executable_path/Frameworks",
				);
				MARKETING_VERSION = 1.0;
				PRODUCT_BUNDLE_IDENTIFIER = "com.fomagran.Creative-Coding-Practice";
				PRODUCT_NAME = "$(TARGET_NAME)";
				SWIFT_EMIT_LOC_STRINGS = YES;
				SWIFT_VERSION = 5.0;
				TARGETED_DEVICE_FAMILY = "1,2";
			};
			name = Release;
		};
/* End XCBuildConfiguration section */

/* Begin XCConfigurationList section */
		041E1991274B4134000F8C11 /* Build configuration list for PBXProject "Creative Coding Practice" */ = {
			isa = XCConfigurationList;
			buildConfigurations = (
				041E19A8274B4135000F8C11 /* Debug */,
				041E19A9274B4135000F8C11 /* Release */,
			);
			defaultConfigurationIsVisible = 0;
			defaultConfigurationName = Release;
		};
		041E19AA274B4135000F8C11 /* Build configuration list for PBXNativeTarget "Creative Coding Practice" */ = {
			isa = XCConfigurationList;
			buildConfigurations = (
				041E19AB274B4135000F8C11 /* Debug */,
				041E19AC274B4135000F8C11 /* Release */,
			);
			defaultConfigurationIsVisible = 0;
			defaultConfigurationName = Release;
		};
/* End XCConfigurationList section */
	};
	rootObject = 041E198E274B4134000F8C11 /* Project object */;
}
